
Microsoft Visual Studio Solution File, Format Version 12.00
# Visual Studio 15
VisualStudioVersion = 15.0.26124.0
MinimumVisualStudioVersion = 15.0.26124.0
Project("{FAE04EC0-301F-11D3-BF4B-00C04F79EFBC}") = "blockchain", "blockchain\blockchain.csproj", "{95F7AFD6-C364-49F2-A8F2-2ED7FF631AE0}"
EndProject
Project("{FAE04EC0-301F-11D3-BF4B-00C04F79EFBC}") = "web", "web\web.csproj", "{523DAE6C-7172-48C9-AB18-99D6C91D6481}"
EndProject
Global
	GlobalSection(SolutionConfigurationPlatforms) = preSolution
		Debug|Any CPU = Debug|Any CPU
		Debug|x64 = Debug|x64
		Debug|x86 = Debug|x86
		Release|Any CPU = Release|Any CPU
		Release|x64 = Release|x64
		Release|x86 = Release|x86
	EndGlobalSection
	GlobalSection(SolutionProperties) = preSolution
		HideSolutionNode = FALSE
	EndGlobalSection
	GlobalSection(ProjectConfigurationPlatforms) = postSolution
		{95F7AFD6-C364-49F2-A8F2-2ED7FF631AE0}.Debug|Any CPU.ActiveCfg = Debug|Any CPU
		{95F7AFD6-C364-49F2-A8F2-2ED7FF631AE0}.Debug|Any CPU.Build.0 = Debug|Any CPU
		{95F7AFD6-C364-49F2-A8F2-2ED7FF631AE0}.Debug|x64.ActiveCfg = Debug|Any CPU
		{95F7AFD6-C364-49F2-A8F2-2ED7FF631AE0}.Debug|x64.Build.0 = Debug|Any CPU
		{95F7AFD6-C364-49F2-A8F2-2ED7FF631AE0}.Debug|x86.ActiveCfg = Debug|Any CPU
		{95F7AFD6-C364-49F2-A8F2-2ED7FF631AE0}.Debug|x86.Build.0 = Debug|Any CPU
		{95F7AFD6-C364-49F2-A8F2-2ED7FF631AE0}.Release|Any CPU.ActiveCfg = Release|Any CPU
		{95F7AFD6-C364-49F2-A8F2-2ED7FF631AE0}.Release|Any CPU.Build.0 = Release|Any CPU
		{95F7AFD6-C364-49F2-A8F2-2ED7FF631AE0}.Release|x64.ActiveCfg = Release|Any CPU
		{95F7AFD6-C364-49F2-A8F2-2ED7FF631AE0}.Release|x64.Build.0 = Release|Any CPU
		{95F7AFD6-C364-49F2-A8F2-2ED7FF631AE0}.Release|x86.ActiveCfg = Release|Any CPU
		{95F7AFD6-C364-49F2-A8F2-2ED7FF631AE0}.Release|x86.Build.0 = Release|Any CPU
		{523DAE6C-7172-48C9-AB18-99D6C91D6481}.Debug|Any CPU.ActiveCfg = Debug|Any CPU
		{523DAE6C-7172-48C9-AB18-99D6C91D6481}.Debug|Any CPU.Build.0 = Debug|Any CPU
		{523DAE6C-7172-48C9-AB18-99D6C91D6481}.Debug|x64.ActiveCfg = Debug|Any CPU
		{523DAE6C-7172-48C9-AB18-99D6C91D6481}.Debug|x64.Build.0 = Debug|Any CPU
		{523DAE6C-7172-48C9-AB18-99D6C91D6481}.Debug|x86.ActiveCfg = Debug|Any CPU
		{523DAE6C-7172-48C9-AB18-99D6C91D6481}.Debug|x86.Build.0 = Debug|Any CPU
		{523DAE6C-7172-48C9-AB18-99D6C91D6481}.Release|Any CPU.ActiveCfg = Release|Any CPU
		{523DAE6C-7172-48C9-AB18-99D6C91D6481}.Release|Any CPU.Build.0 = Release|Any CPU
		{523DAE6C-7172-48C9-AB18-99D6C91D6481}.Release|x64.ActiveCfg = Release|Any CPU
		{523DAE6C-7172-48C9-AB18-99D6C91D6481}.Release|x64.Build.0 = Release|Any CPU
		{523DAE6C-7172-48C9-AB18-99D6C91D6481}.Release|x86.ActiveCfg = Release|Any CPU
		{523DAE6C-7172-48C9-AB18-99D6C91D6481}.Release|x86.Build.0 = Release|Any CPU
	EndGlobalSection
EndGlobal
